
Microsoft Visual Studio Solution File, Format Version 12.00
# Visual Studio 15
VisualStudioVersion = 15.0.27703.2035
MinimumVisualStudioVersion = 10.0.40219.1
Project("{FAE04EC0-301F-11D3-BF4B-00C04F79EFBC}") = "WpfProject", "WpfProject\WpfProject.csproj", "{DA118308-78B1-4121-9E67-97164F5BAAFD}"
EndProject
Global
	GlobalSection(SolutionConfigurationPlatforms) = preSolution
		Debug|Any CPU = Debug|Any CPU
		Release|Any CPU = Release|Any CPU
	EndGlobalSection
	GlobalSection(ProjectConfigurationPlatforms) = postSolution
		{DA118308-78B1-4121-9E67-97164F5BAAFD}.Debug|Any CPU.ActiveCfg = Debug|Any CPU
		{DA118308-78B1-4121-9E67-97164F5BAAFD}.Debug|Any CPU.Build.0 = Debug|Any CPU
		{DA118308-78B1-4121-9E67-97164F5BAAFD}.Release|Any CPU.ActiveCfg = Release|Any CPU
		{DA118308-78B1-4121-9E67-97164F5BAAFD}.Release|Any CPU.Build.0 = Release|Any CPU
	EndGlobalSection
	GlobalSection(SolutionProperties) = preSolution
		HideSolutionNode = FALSE
	EndGlobalSection
	GlobalSection(ExtensibilityGlobals) = postSolution
		SolutionGuid = {6702D1CD-B74D-4ED2-B840-7A96C5C6C41F}
	EndGlobalSection
EndGlobal
